{
  "name": "maarifa",
  "lockfileVersion": 3,
  "requires": true,
  "packages": {
    "": {
      "dependencies": {
        "tinymce": "^8.5.1"
      }
    },
    "node_modules/tinymce": {
      "version": "8.5.1",
      "resolved": "https://registry.npmjs.org/tinymce/-/tinymce-8.5.1.tgz",
      "integrity": "sha512-Wd4OrokDEwlXppSR+ijXngLa2+s3v8NZax9WCvAHeQhqvFsj9tGt19PmrnAdGLiQFkBBYzdOLW23tsBTPMiJYw==",
      "license": "SEE LICENSE IN license.md"
    }
  }
}
